// !$*UTF8*$!
{
	archiveVersion = 1;
	classes = {
	};
	objectVersion = 48;
	objects = {

/* Begin PBXBuildFile section */
		8B33D97020A77385001AECDD /* AppDelegate.swift in Sources */ = {isa = PBXBuildFile; fileRef = 8B33D96F20A77385001AECDD /* AppDelegate.swift */; };
		8B33D97220A77385001AECDD /* ViewController.swift in Sources */ = {isa = PBXBuildFile; fileRef = 8B33D97120A77385001AECDD /* ViewController.swift */; };
		8B33D97520A77385001AECDD /* Main.storyboard in Resources */ = {isa = PBXBuildFile; fileRef = 8B33D97320A77385001AECDD /* Main.storyboard */; };
		8B33D97720A77385001AECDD /* Assets.xcassets in Resources */ = {isa = PBXBuildFile; fileRef = 8B33D97620A77385001AECDD /* Assets.xcassets */; };
		8B33D97A20A77385001AECDD /* LaunchScreen.storyboard in Resources */ = {isa = PBXBuildFile; fileRef = 8B33D97820A77385001AECDD /* LaunchScreen.storyboard */; };
		E8AF47BB81F65A43F357E7B2 /* Pods_Remote_Cam_Viewer.framework in Frameworks */ = {isa = PBXBuildFile; fileRef = F75F2D39DC64AAE6CBC7C8DF /* Pods_Remote_Cam_Viewer.framework */; };
/* End PBXBuildFile section */

/* Begin PBXFileReference section */
		8B33D96C20A77385001AECDD /* Remote Cam Viewer.app */ = {isa = PBXFileReference; explicitFileType = wrapper.application; includeInIndex = 0; path = "Remote Cam Viewer.app"; sourceTree = BUILT_PRODUCTS_DIR; };
		8B33D96F20A77385001AECDD /* AppDelegate.swift */ = {isa = PBXFileReference; lastKnownFileType = sourcecode.swift; path = AppDelegate.swift; sourceTree = "<group>"; };
		8B33D97120A77385001AECDD /* ViewController.swift */ = {isa = PBXFileReference; lastKnownFileType = sourcecode.swift; path = ViewController.swift; sourceTree = "<group>"; };
		8B33D97420A77385001AECDD /* Base */ = {isa = PBXFileReference; lastKnownFileType = file.storyboard; name = Base; path = Base.lproj/Main.storyboard; sourceTree = "<group>"; };
		8B33D97620A77385001AECDD /* Assets.xcassets */ = {isa = PBXFileReference; lastKnownFileType = folder.assetcatalog; path = Assets.xcassets; sourceTree = "<group>"; };
		8B33D97920A77385001AECDD /* Base */ = {isa = PBXFileReference; lastKnownFileType = file.storyboard; name = Base; path = Base.lproj/LaunchScreen.storyboard; sourceTree = "<group>"; };
		8B33D97B20A77385001AECDD /* Info.plist */ = {isa = PBXFileReference; lastKnownFileType = text.plist.xml; path = Info.plist; sourceTree = "<group>"; };
		987081504C3300DFCBD9828E /* Pods-Remote Cam Viewer.release.xcconfig */ = {isa = PBXFileReference; includeInIndex = 1; lastKnownFileType = text.xcconfig; name = "Pods-Remote Cam Viewer.release.xcconfig"; path = "Pods/Target Support Files/Pods-Remote Cam Viewer/Pods-Remote Cam Viewer.release.xcconfig"; sourceTree = "<group>"; };
		A5E10BC461E69994A92249E1 /* Pods-Remote Cam Viewer.debug.xcconfig */ = {isa = PBXFileReference; includeInIndex = 1; lastKnownFileType = text.xcconfig; name = "Pods-Remote Cam Viewer.debug.xcconfig"; path = "Pods/Target Support Files/Pods-Remote Cam Viewer/Pods-Remote Cam Viewer.debug.xcconfig"; sourceTree = "<group>"; };
		F75F2D39DC64AAE6CBC7C8DF /* Pods_Remote_Cam_Viewer.framework */ = {isa = PBXFileReference; explicitFileType = wrapper.framework; includeInIndex = 0; path = Pods_Remote_Cam_Viewer.framework; sourceTree = BUILT_PRODUCTS_DIR; };
/* End PBXFileReference section */

/* Begin PBXFrameworksBuildPhase section */
		8B33D96920A77385001AECDD /* Frameworks */ = {
			isa = PBXFrameworksBuildPhase;
			buildActionMask = 2147483647;
			files = (
				E8AF47BB81F65A43F357E7B2 /* Pods_Remote_Cam_Viewer.framework in Frameworks */,
			);
			runOnlyForDeploymentPostprocessing = 0;
		};
/* End PBXFrameworksBuildPhase section */

/* Begin PBXGroup section */
		2C6952D818FD451C4663550D /* Pods */ = {
			isa = PBXGroup;
			children = (
				A5E10BC461E69994A92249E1 /* Pods-Remote Cam Viewer.debug.xcconfig */,
				987081504C3300DFCBD9828E /* Pods-Remote Cam Viewer.release.xcconfig */,
			);
			name = Pods;
			sourceTree = "<group>";
		};
		31A8150E8025636781C020FE /* Frameworks */ = {
			isa = PBXGroup;
			children = (
				F75F2D39DC64AAE6CBC7C8DF /* Pods_Remote_Cam_Viewer.framework */,
			);
			name = Frameworks;
			sourceTree = "<group>";
		};
		8B33D96320A77385001AECDD = {
			isa = PBXGroup;
			children = (
				8B33D96E20A77385001AECDD /* Remote Cam Viewer */,
				8B33D96D20A77385001AECDD /* Products */,
				2C6952D818FD451C4663550D /* Pods */,
				31A8150E8025636781C020FE /* Frameworks */,
			);
			sourceTree = "<group>";
		};
		8B33D96D20A77385001AECDD /* Products */ = {
			isa = PBXGroup;
			children = (
				8B33D96C20A77385001AECDD /* Remote Cam Viewer.app */,
			);
			name = Products;
			sourceTree = "<group>";
		};
		8B33D96E20A77385001AECDD /* Remote Cam Viewer */ = {
			isa = PBXGroup;
			children = (
				8B33D96F20A77385001AECDD /* AppDelegate.swift */,
				8B33D97120A77385001AECDD /* ViewController.swift */,
				8B33D97320A77385001AECDD /* Main.storyboard */,
				8B33D97620A77385001AECDD /* Assets.xcassets */,
				8B33D97820A77385001AECDD /* LaunchScreen.storyboard */,
				8B33D97B20A77385001AECDD /* Info.plist */,
			);
			path = "Remote Cam Viewer";
			sourceTree = "<group>";
		};
/* End PBXGroup section */

/* Begin PBXNativeTarget section */
		8B33D96B20A77385001AECDD /* Remote Cam Viewer */ = {
			isa = PBXNativeTarget;
			buildConfigurationList = 8B33D97E20A77385001AECDD /* Build configuration list for PBXNativeTarget "Remote Cam Viewer" */;
			buildPhases = (
				F17A740F141981804067B747 /* [CP] Check Pods Manifest.lock */,
				8B33D96820A77385001AECDD /* Sources */,
				8B33D96920A77385001AECDD /* Frameworks */,
				8B33D96A20A77385001AECDD /* Resources */,
				54E8988EF3D1BC80E7A437EA /* [CP] Embed Pods Frameworks */,
			);
			buildRules = (
			);
			dependencies = (
			);
			name = "Remote Cam Viewer";
			productName = "Remote Cam Viewer";
			productReference = 8B33D96C20A77385001AECDD /* Remote Cam Viewer.app */;
			productType = "com.apple.product-type.application";
		};
/* End PBXNativeTarget section */

/* Begin PBXProject section */
		8B33D96420A77385001AECDD /* Project object */ = {
			isa = PBXProject;
			attributes = {
				LastSwiftUpdateCheck = 0920;
				LastUpgradeCheck = 0920;
				ORGANIZATIONNAME = "Dhiraj Das";
				TargetAttributes = {
					8B33D96B20A77385001AECDD = {
						CreatedOnToolsVersion = 9.2;
						ProvisioningStyle = Automatic;
					};
				};
			};
			buildConfigurationList = 8B33D96720A77385001AECDD /* Build configuration list for PBXProject "Remote Cam Viewer" */;
			compatibilityVersion = "Xcode 8.0";
			developmentRegion = en;
			hasScannedForEncodings = 0;
			knownRegions = (
				en,
				Base,
			);
			mainGroup = 8B33D96320A77385001AECDD;
			productRefGroup = 8B33D96D20A77385001AECDD /* Products */;
			projectDirPath = "";
			projectRoot = "";
			targets = (
				8B33D96B20A77385001AECDD /* Remote Cam Viewer */,
			);
		};
/* End PBXProject section */

/* Begin PBXResourcesBuildPhase section */
		8B33D96A20A77385001AECDD /* Resources */ = {
			isa = PBXResourcesBuildPhase;
			buildActionMask = 2147483647;
			files = (
				8B33D97A20A77385001AECDD /* LaunchScreen.storyboard in Resources */,
				8B33D97720A77385001AECDD /* Assets.xcassets in Resources */,
				8B33D97520A77385001AECDD /* Main.storyboard in Resources */,
			);
			runOnlyForDeploymentPostprocessing = 0;
		};
/* End PBXResourcesBuildPhase section */

/* Begin PBXShellScriptBuildPhase section */
		54E8988EF3D1BC80E7A437EA /* [CP] Embed Pods Frameworks */ = {
			isa = PBXShellScriptBuildPhase;
			buildActionMask = 2147483647;
			files = (
			);
			inputPaths = (
				"${SRCROOT}/Pods/Target Support Files/Pods-Remote Cam Viewer/Pods-Remote Cam Viewer-frameworks.sh",
				"${BUILT_PRODUCTS_DIR}/ONVIFCamera/ONVIFCamera.framework",
			);
			name = "[CP] Embed Pods Frameworks";
			outputPaths = (
				"${TARGET_BUILD_DIR}/${FRAMEWORKS_FOLDER_PATH}/ONVIFCamera.framework",
			);
			runOnlyForDeploymentPostprocessing = 0;
			shellPath = /bin/sh;
			shellScript = "\"${SRCROOT}/Pods/Target Support Files/Pods-Remote Cam Viewer/Pods-Remote Cam Viewer-frameworks.sh\"\n";
			showEnvVarsInLog = 0;
		};
		F17A740F141981804067B747 /* [CP] Check Pods Manifest.lock */ = {
			isa = PBXShellScriptBuildPhase;
			buildActionMask = 2147483647;
			files = (
			);
			inputPaths = (
				"${PODS_PODFILE_DIR_PATH}/Podfile.lock",
				"${PODS_ROOT}/Manifest.lock",
			);
			name = "[CP] Check Pods Manifest.lock";
			outputPaths = (
				"$(DERIVED_FILE_DIR)/Pods-Remote Cam Viewer-checkManifestLockResult.txt",
			);
			runOnlyForDeploymentPostprocessing = 0;
			shellPath = /bin/sh;
			shellScript = "diff \"${PODS_PODFILE_DIR_PATH}/Podfile.lock\" \"${PODS_ROOT}/Manifest.lock\" > /dev/null\nif [ $? != 0 ] ; then\n    # print error to STDERR\n    echo \"error: The sandbox is not in sync with the Podfile.lock. Run 'pod install' or update your CocoaPods installation.\" >&2\n    exit 1\nfi\n# This output is used by Xcode 'outputs' to avoid re-running this script phase.\necho \"SUCCESS\" > \"${SCRIPT_OUTPUT_FILE_0}\"\n";
			showEnvVarsInLog = 0;
		};
/* End PBXShellScriptBuildPhase section */

/* Begin PBXSourcesBuildPhase section */
		8B33D96820A77385001AECDD /* Sources */ = {
			isa = PBXSourcesBuildPhase;
			buildActionMask = 2147483647;
			files = (
				8B33D97220A77385001AECDD /* ViewController.swift in Sources */,
				8B33D97020A77385001AECDD /* AppDelegate.swift in Sources */,
			);
			runOnlyForDeploymentPostprocessing = 0;
		};
/* End PBXSourcesBuildPhase section */

/* Begin PBXVariantGroup section */
		8B33D97320A77385001AECDD /* Main.storyboard */ = {
			isa = PBXVariantGroup;
			children = (
				8B33D97420A77385001AECDD /* Base */,
			);
			name = Main.storyboard;
			sourceTree = "<group>";
		};
		8B33D97820A77385001AECDD /* LaunchScreen.storyboard */ = {
			isa = PBXVariantGroup;
			children = (
				8B33D97920A77385001AECDD /* Base */,
			);
			name = LaunchScreen.storyboard;
			sourceTree = "<group>";
		};
/* End PBXVariantGroup section */

/* Begin XCBuildConfiguration section */
		8B33D97C20A77385001AECDD /* Debug */ = {
			isa = XCBuildConfiguration;
			buildSettings = {
				ALWAYS_SEARCH_USER_PATHS = NO;
				CLANG_ANALYZER_NONNULL = YES;
				CLANG_ANALYZER_NUMBER_OBJECT_CONVERSION = YES_AGGRESSIVE;
				CLANG_CXX_LANGUAGE_STANDARD = "gnu++14";
				CLANG_CXX_LIBRARY = "libc++";
				CLANG_ENABLE_MODULES = YES;
				CLANG_ENABLE_OBJC_ARC = YES;
				CLANG_WARN_BLOCK_CAPTURE_AUTORELEASING = YES;
				CLANG_WARN_BOOL_CONVERSION = YES;
				CLANG_WARN_COMMA = YES;
				CLANG_WARN_CONSTANT_CONVERSION = YES;
				CLANG_WARN_DIRECT_OBJC_ISA_USAGE = YES_ERROR;
				CLANG_WARN_DOCUMENTATION_COMMENTS = YES;
				CLANG_WARN_EMPTY_BODY = YES;
				CLANG_WARN_ENUM_CONVERSION = YES;
				CLANG_WARN_INFINITE_RECURSION = YES;
				CLANG_WARN_INT_CONVERSION = YES;
				CLANG_WARN_NON_LITERAL_NULL_CONVERSION = YES;
				CLANG_WARN_OBJC_LITERAL_CONVERSION = YES;
				CLANG_WARN_OBJC_ROOT_CLASS = YES_ERROR;
				CLANG_WARN_RANGE_LOOP_ANALYSIS = YES;
				CLANG_WARN_STRICT_PROTOTYPES = YES;
				CLANG_WARN_SUSPICIOUS_MOVE = YES;
				CLANG_WARN_UNGUARDED_AVAILABILITY = YES_AGGRESSIVE;
				CLANG_WARN_UNREACHABLE_CODE = YES;
				CLANG_WARN__DUPLICATE_METHOD_MATCH = YES;
				CODE_SIGN_IDENTITY = "iPhone Developer";
				COPY_PHASE_STRIP = NO;
				DEBUG_INFORMATION_FORMAT = dwarf;
				ENABLE_STRICT_OBJC_MSGSEND = YES;
				ENABLE_TESTABILITY = YES;
				GCC_C_LANGUAGE_STANDARD = gnu11;
				GCC_DYNAMIC_NO_PIC = NO;
				GCC_NO_COMMON_BLOCKS = YES;
				GCC_OPTIMIZATION_LEVEL = 0;
				GCC_PREPROCESSOR_DEFINITIONS = (
					"DEBUG=1",
					"$(inherited)",
				);
				GCC_WARN_64_TO_32_BIT_CONVERSION = YES;
				GCC_WARN_ABOUT_RETURN_TYPE = YES_ERROR;
				GCC_WARN_UNDECLARED_SELECTOR = YES;
				GCC_WARN_UNINITIALIZED_AUTOS = YES_AGGRESSIVE;
				GCC_WARN_UNUSED_FUNCTION = YES;
				GCC_WARN_UNUSED_VARIABLE = YES;
				IPHONEOS_DEPLOYMENT_TARGET = 11.2;
				MTL_ENABLE_DEBUG_INFO = YES;
				ONLY_ACTIVE_ARCH = YES;
				SDKROOT = iphoneos;
				SWIFT_ACTIVE_COMPILATION_CONDITIONS = DEBUG;
				SWIFT_OPTIMIZATION_LEVEL = "-Onone";
			};
			name = Debug;
		};
		8B33D97D20A77385001AECDD /* Release */ = {
			isa = XCBuildConfiguration;
			buildSettings = {
				ALWAYS_SEARCH_USER_PATHS = NO;
				CLANG_ANALYZER_NONNULL = YES;
				CLANG_ANALYZER_NUMBER_OBJECT_CONVERSION = YES_AGGRESSIVE;
				CLANG_CXX_LANGUAGE_STANDARD = "gnu++14";
				CLANG_CXX_LIBRARY = "libc++";
				CLANG_ENABLE_MODULES = YES;
				CLANG_ENABLE_OBJC_ARC = YES;
				CLANG_WARN_BLOCK_CAPTURE_AUTORELEASING = YES;
				CLANG_WARN_BOOL_CONVERSION = YES;
				CLANG_WARN_COMMA = YES;
				CLANG_WARN_CONSTANT_CONVERSION = YES;
				CLANG_WARN_DIRECT_OBJC_ISA_USAGE = YES_ERROR;
				CLANG_WARN_DOCUMENTATION_COMMENTS = YES;
				CLANG_WARN_EMPTY_BODY = YES;
				CLANG_WARN_ENUM_CONVERSION = YES;
				CLANG_WARN_INFINITE_RECURSION = YES;
				CLANG_WARN_INT_CONVERSION = YES;
				CLANG_WARN_NON_LITERAL_NULL_CONVERSION = YES;
				CLANG_WARN_OBJC_LITERAL_CONVERSION = YES;
				CLANG_WARN_OBJC_ROOT_CLASS = YES_ERROR;
				CLANG_WARN_RANGE_LOOP_ANALYSIS = YES;
				CLANG_WARN_STRICT_PROTOTYPES = YES;
				CLANG_WARN_SUSPICIOUS_MOVE = YES;
				CLANG_WARN_UNGUARDED_AVAILABILITY = YES_AGGRESSIVE;
				CLANG_WARN_UNREACHABLE_CODE = YES;
				CLANG_WARN__DUPLICATE_METHOD_MATCH = YES;
				CODE_SIGN_IDENTITY = "iPhone Developer";
				COPY_PHASE_STRIP = NO;
				DEBUG_INFORMATION_FORMAT = "dwarf-with-dsym";
				ENABLE_NS_ASSERTIONS = NO;
				ENABLE_STRICT_OBJC_MSGSEND = YES;
				GCC_C_LANGUAGE_STANDARD = gnu11;
				GCC_NO_COMMON_BLOCKS = YES;
				GCC_WARN_64_TO_32_BIT_CONVERSION = YES;
				GCC_WARN_ABOUT_RETURN_TYPE = YES_ERROR;
				GCC_WARN_UNDECLARED_SELECTOR = YES;
				GCC_WARN_UNINITIALIZED_AUTOS = YES_AGGRESSIVE;
				GCC_WARN_UNUSED_FUNCTION = YES;
				GCC_WARN_UNUSED_VARIABLE = YES;
				IPHONEOS_DEPLOYMENT_TARGET = 11.2;
				MTL_ENABLE_DEBUG_INFO = NO;
				SDKROOT = iphoneos;
				SWIFT_OPTIMIZATION_LEVEL = "-Owholemodule";
				VALIDATE_PRODUCT = YES;
			};
			name = Release;
		};
		8B33D97F20A77385001AECDD /* Debug */ = {
			isa = XCBuildConfiguration;
			baseConfigurationReference = A5E10BC461E69994A92249E1 /* Pods-Remote Cam Viewer.debug.xcconfig */;
			buildSettings = {
				ASSETCATALOG_COMPILER_APPICON_NAME = AppIcon;
				CODE_SIGN_STYLE = Automatic;
				INFOPLIST_FILE = "Remote Cam Viewer/Info.plist";
				LD_RUNPATH_SEARCH_PATHS = "$(inherited) @executable_path/Frameworks";
				PRODUCT_BUNDLE_IDENTIFIER = "com.dhirajdas.Remote-Cam-Viewer";
				PRODUCT_NAME = "$(TARGET_NAME)";
				SWIFT_VERSION = 4.0;
				TARGETED_DEVICE_FAMILY = "1,2";
			};
			name = Debug;
		};
		8B33D98020A77385001AECDD /* Release */ = {
			isa = XCBuildConfiguration;
			baseConfigurationReference = 987081504C3300DFCBD9828E /* Pods-Remote Cam Viewer.release.xcconfig */;
			buildSettings = {
				ASSETCATALOG_COMPILER_APPICON_NAME = AppIcon;
				CODE_SIGN_STYLE = Automatic;
				INFOPLIST_FILE = "Remote Cam Viewer/Info.plist";
				LD_RUNPATH_SEARCH_PATHS = "$(inherited) @executable_path/Frameworks";
				PRODUCT_BUNDLE_IDENTIFIER = "com.dhirajdas.Remote-Cam-Viewer";
				PRODUCT_NAME = "$(TARGET_NAME)";
				SWIFT_VERSION = 4.0;
				TARGETED_DEVICE_FAMILY = "1,2";
			};
			name = Release;
		};
/* End XCBuildConfiguration section */

/* Begin XCConfigurationList section */
		8B33D96720A77385001AECDD /* Build configuration list for PBXProject "Remote Cam Viewer" */ = {
			isa = XCConfigurationList;
			buildConfigurations = (
				8B33D97C20A77385001AECDD /* Debug */,
				8B33D97D20A77385001AECDD /* Release */,
			);
			defaultConfigurationIsVisible = 0;
			defaultConfigurationName = Release;
		};
		8B33D97E20A77385001AECDD /* Build configuration list for PBXNativeTarget "Remote Cam Viewer" */ = {
			isa = XCConfigurationList;
			buildConfigurations = (
				8B33D97F20A77385001AECDD /* Debug */,
				8B33D98020A77385001AECDD /* Release */,
			);
			defaultConfigurationIsVisible = 0;
			defaultConfigurationName = Release;
		};
/* End XCConfigurationList section */
	};
	rootObject = 8B33D96420A77385001AECDD /* Project object */;
}
